
Microsoft Visual Studio Solution File, Format Version 12.00
# Visual Studio Version 17
VisualStudioVersion = 17.7.34031.279
MinimumVisualStudioVersion = 10.0.40219.1
Project("{FAE04EC0-301F-11D3-BF4B-00C04F79EFBC}") = "Exchange of characters in a given string", "Exchange of characters in a given string.csproj", "{13B47EA6-9223-4736-80EF-D5E87EAD804C}"
EndProject
Global
	GlobalSection(SolutionConfigurationPlatforms) = preSolution
		Debug|Any CPU = Debug|Any CPU
		Release|Any CPU = Release|Any CPU
	EndGlobalSection
	GlobalSection(ProjectConfigurationPlatforms) = postSolution
		{13B47EA6-9223-4736-80EF-D5E87EAD804C}.Debug|Any CPU.ActiveCfg = Debug|Any CPU
		{13B47EA6-9223-4736-80EF-D5E87EAD804C}.Debug|Any CPU.Build.0 = Debug|Any CPU
		{13B47EA6-9223-4736-80EF-D5E87EAD804C}.Release|Any CPU.ActiveCfg = Release|Any CPU
		{13B47EA6-9223-4736-80EF-D5E87EAD804C}.Release|Any CPU.Build.0 = Release|Any CPU
	EndGlobalSection
	GlobalSection(SolutionProperties) = preSolution
		HideSolutionNode = FALSE
	EndGlobalSection
	GlobalSection(ExtensibilityGlobals) = postSolution
		SolutionGuid = {BBEDEEF9-DD62-4259-8068-37D0DDA4B97A}
	EndGlobalSection
EndGlobal
